
Microsoft Visual Studio Solution File, Format Version 12.00
Project("{FAE04EC0-301F-11D3-BF4B-00C04F79EFBC}") = "BootloaderFileFormat", "BootloaderFileFormat\BootloaderFileFormat.csproj", "{590DFE5B-CAE6-4F2C-BB0B-B478B8F597DB}"
EndProject
Project("{FAE04EC0-301F-11D3-BF4B-00C04F79EFBC}") = "BootloaderFileGenerator", "..\BootloaderFileGenerator\BootloaderFileGenerator\BootloaderFileGenerator.csproj", "{CC454383-05E2-440C-A605-928FE3830EC3}"
EndProject
Global
	GlobalSection(SolutionConfigurationPlatforms) = preSolution
		Debug|Any CPU = Debug|Any CPU
		Release|Any CPU = Release|Any CPU
	EndGlobalSection
	GlobalSection(ProjectConfigurationPlatforms) = postSolution
		{590DFE5B-CAE6-4F2C-BB0B-B478B8F597DB}.Debug|Any CPU.ActiveCfg = Debug|Any CPU
		{590DFE5B-CAE6-4F2C-BB0B-B478B8F597DB}.Debug|Any CPU.Build.0 = Debug|Any CPU
		{590DFE5B-CAE6-4F2C-BB0B-B478B8F597DB}.Release|Any CPU.ActiveCfg = Release|Any CPU
		{590DFE5B-CAE6-4F2C-BB0B-B478B8F597DB}.Release|Any CPU.Build.0 = Release|Any CPU
		{CC454383-05E2-440C-A605-928FE3830EC3}.Debug|Any CPU.ActiveCfg = Debug|Any CPU
		{CC454383-05E2-440C-A605-928FE3830EC3}.Debug|Any CPU.Build.0 = Debug|Any CPU
		{CC454383-05E2-440C-A605-928FE3830EC3}.Release|Any CPU.ActiveCfg = Release|Any CPU
		{CC454383-05E2-440C-A605-928FE3830EC3}.Release|Any CPU.Build.0 = Release|Any CPU
	EndGlobalSection
EndGlobal
