
Microsoft Visual Studio Solution File, Format Version 12.00
Project("{FAE04EC0-301F-11D3-BF4B-00C04F79EFBC}") = "BootloaderFileGenerator", "BootloaderFileGenerator\BootloaderFileGenerator.csproj", "{1110FFDA-6DA3-4105-AD67-1EAD141AEDBC}"
EndProject
Global
	GlobalSection(SolutionConfigurationPlatforms) = preSolution
		Debug|Any CPU = Debug|Any CPU
		Release|Any CPU = Release|Any CPU
	EndGlobalSection
	GlobalSection(ProjectConfigurationPlatforms) = postSolution
		{1110FFDA-6DA3-4105-AD67-1EAD141AEDBC}.Debug|Any CPU.ActiveCfg = Debug|Any CPU
		{1110FFDA-6DA3-4105-AD67-1EAD141AEDBC}.Debug|Any CPU.Build.0 = Debug|Any CPU
		{1110FFDA-6DA3-4105-AD67-1EAD141AEDBC}.Release|Any CPU.ActiveCfg = Release|Any CPU
		{1110FFDA-6DA3-4105-AD67-1EAD141AEDBC}.Release|Any CPU.Build.0 = Release|Any CPU
	EndGlobalSection
EndGlobal
